
Microsoft Visual Studio Solution File, Format Version 12.00
# Visual Studio 15
VisualStudioVersion = 15.0.27428.2015
MinimumVisualStudioVersion = 10.0.40219.1
Project("{FAE04EC0-301F-11D3-BF4B-00C04F79EFBC}") = "Host", "Host\Host.csproj", "{67A52F18-D38A-42C7-BCBC-1891DE09598F}"
EndProject
Project("{FAE04EC0-301F-11D3-BF4B-00C04F79EFBC}") = "BookStoreService", "BookStoreService\BookStoreService.csproj", "{510B280F-5D20-4A3F-99DB-85F8317E6B82}"
EndProject
Project("{FAE04EC0-301F-11D3-BF4B-00C04F79EFBC}") = "Client", "Client\Client.csproj", "{5929970F-ED31-4E71-96D4-CF4EB8D1C775}"
EndProject
Global
	GlobalSection(SolutionConfigurationPlatforms) = preSolution
		Debug|Any CPU = Debug|Any CPU
		Release|Any CPU = Release|Any CPU
	EndGlobalSection
	GlobalSection(ProjectConfigurationPlatforms) = postSolution
		{67A52F18-D38A-42C7-BCBC-1891DE09598F}.Debug|Any CPU.ActiveCfg = Debug|Any CPU
		{67A52F18-D38A-42C7-BCBC-1891DE09598F}.Debug|Any CPU.Build.0 = Debug|Any CPU
		{67A52F18-D38A-42C7-BCBC-1891DE09598F}.Release|Any CPU.ActiveCfg = Release|Any CPU
		{67A52F18-D38A-42C7-BCBC-1891DE09598F}.Release|Any CPU.Build.0 = Release|Any CPU
		{510B280F-5D20-4A3F-99DB-85F8317E6B82}.Debug|Any CPU.ActiveCfg = Debug|Any CPU
		{510B280F-5D20-4A3F-99DB-85F8317E6B82}.Debug|Any CPU.Build.0 = Debug|Any CPU
		{510B280F-5D20-4A3F-99DB-85F8317E6B82}.Release|Any CPU.ActiveCfg = Release|Any CPU
		{510B280F-5D20-4A3F-99DB-85F8317E6B82}.Release|Any CPU.Build.0 = Release|Any CPU
		{5929970F-ED31-4E71-96D4-CF4EB8D1C775}.Debug|Any CPU.ActiveCfg = Debug|Any CPU
		{5929970F-ED31-4E71-96D4-CF4EB8D1C775}.Debug|Any CPU.Build.0 = Debug|Any CPU
		{5929970F-ED31-4E71-96D4-CF4EB8D1C775}.Release|Any CPU.ActiveCfg = Release|Any CPU
		{5929970F-ED31-4E71-96D4-CF4EB8D1C775}.Release|Any CPU.Build.0 = Release|Any CPU
	EndGlobalSection
	GlobalSection(SolutionProperties) = preSolution
		HideSolutionNode = FALSE
	EndGlobalSection
	GlobalSection(ExtensibilityGlobals) = postSolution
		SolutionGuid = {1075886B-A6D2-43F8-8A64-289298C78F29}
	EndGlobalSection
EndGlobal
